// !$*UTF8*$!
{
	archiveVersion = 1;
	classes = {
	};
	objectVersion = 46;
	objects = {

/* Begin PBXBuildFile section */
		4D05DAEC194A70C7001F19A7 /* Foundation.framework in Frameworks */ = {isa = PBXBuildFile; fileRef = 4D05DAEB194A70C7001F19A7 /* Foundation.framework */; };
		4D05DAEE194A70C7001F19A7 /* CoreGraphics.framework in Frameworks */ = {isa = PBXBuildFile; fileRef = 4D05DAED194A70C7001F19A7 /* CoreGraphics.framework */; };
		4D05DAF0194A70C7001F19A7 /* UIKit.framework in Frameworks */ = {isa = PBXBuildFile; fileRef = 4D05DAEF194A70C7001F19A7 /* UIKit.framework */; };
		4D05DAF6194A70C7001F19A7 /* InfoPlist.strings in Resources */ = {isa = PBXBuildFile; fileRef = 4D05DAF4194A70C7001F19A7 /* InfoPlist.strings */; };
		4D05DAF8194A70C7001F19A7 /* main.m in Sources */ = {isa = PBXBuildFile; fileRef = 4D05DAF7194A70C7001F19A7 /* main.m */; };
		4D05DAFC194A70C7001F19A7 /* AppDelegate.m in Sources */ = {isa = PBXBuildFile; fileRef = 4D05DAFB194A70C7001F19A7 /* AppDelegate.m */; };
		4D05DAFF194A70C7001F19A7 /* Main.storyboard in Resources */ = {isa = PBXBuildFile; fileRef = 4D05DAFD194A70C7001F19A7 /* Main.storyboard */; };
		4D05DB02194A70C7001F19A7 /* ViewController.m in Sources */ = {isa = PBXBuildFile; fileRef = 4D05DB01194A70C7001F19A7 /* ViewController.m */; };
		4D05DB04194A70C7001F19A7 /* Images.xcassets in Resources */ = {isa = PBXBuildFile; fileRef = 4D05DB03194A70C7001F19A7 /* Images.xcassets */; };
		4D05DB0B194A70C7001F19A7 /* XCTest.framework in Frameworks */ = {isa = PBXBuildFile; fileRef = 4D05DB0A194A70C7001F19A7 /* XCTest.framework */; };
		4D05DB0C194A70C7001F19A7 /* Foundation.framework in Frameworks */ = {isa = PBXBuildFile; fileRef = 4D05DAEB194A70C7001F19A7 /* Foundation.framework */; };
		4D05DB0D194A70C7001F19A7 /* UIKit.framework in Frameworks */ = {isa = PBXBuildFile; fileRef = 4D05DAEF194A70C7001F19A7 /* UIKit.framework */; };
		4D05DB15194A70C7001F19A7 /* InfoPlist.strings in Resources */ = {isa = PBXBuildFile; fileRef = 4D05DB13194A70C7001F19A7 /* InfoPlist.strings */; };
		4D05DB17194A70C7001F19A7 /* GardenSketchTests.m in Sources */ = {isa = PBXBuildFile; fileRef = 4D05DB16194A70C7001F19A7 /* GardenSketchTests.m */; };
/* End PBXBuildFile section */

/* Begin PBXContainerItemProxy section */
		4D05DB0E194A70C7001F19A7 /* PBXContainerItemProxy */ = {
			isa = PBXContainerItemProxy;
			containerPortal = 4D05DAE0194A70C7001F19A7 /* Project object */;
			proxyType = 1;
			remoteGlobalIDString = 4D05DAE7194A70C7001F19A7;
			remoteInfo = GardenSketch;
		};
/* End PBXContainerItemProxy section */

/* Begin PBXFileReference section */
		4D05DAE8194A70C7001F19A7 /* GardenSketch.app */ = {isa = PBXFileReference; explicitFileType = wrapper.application; includeInIndex = 0; path = GardenSketch.app; sourceTree = BUILT_PRODUCTS_DIR; };
		4D05DAEB194A70C7001F19A7 /* Foundation.framework */ = {isa = PBXFileReference; lastKnownFileType = wrapper.framework; name = Foundation.framework; path = System/Library/Frameworks/Foundation.framework; sourceTree = SDKROOT; };
		4D05DAED194A70C7001F19A7 /* CoreGraphics.framework */ = {isa = PBXFileReference; lastKnownFileType = wrapper.framework; name = CoreGraphics.framework; path = System/Library/Frameworks/CoreGraphics.framework; sourceTree = SDKROOT; };
		4D05DAEF194A70C7001F19A7 /* UIKit.framework */ = {isa = PBXFileReference; lastKnownFileType = wrapper.framework; name = UIKit.framework; path = System/Library/Frameworks/UIKit.framework; sourceTree = SDKROOT; };
		4D05DAF3194A70C7001F19A7 /* GardenSketch-Info.plist */ = {isa = PBXFileReference; lastKnownFileType = text.plist.xml; path = "GardenSketch-Info.plist"; sourceTree = "<group>"; };
		4D05DAF5194A70C7001F19A7 /* en */ = {isa = PBXFileReference; lastKnownFileType = text.plist.strings; name = en; path = en.lproj/InfoPlist.strings; sourceTree = "<group>"; };
		4D05DAF7194A70C7001F19A7 /* main.m */ = {isa = PBXFileReference; lastKnownFileType = sourcecode.c.objc; path = main.m; sourceTree = "<group>"; };
		4D05DAF9194A70C7001F19A7 /* GardenSketch-Prefix.pch */ = {isa = PBXFileReference; lastKnownFileType = sourcecode.c.h; path = "GardenSketch-Prefix.pch"; sourceTree = "<group>"; };
		4D05DAFA194A70C7001F19A7 /* AppDelegate.h */ = {isa = PBXFileReference; lastKnownFileType = sourcecode.c.h; path = AppDelegate.h; sourceTree = "<group>"; };
		4D05DAFB194A70C7001F19A7 /* AppDelegate.m */ = {isa = PBXFileReference; lastKnownFileType = sourcecode.c.objc; path = AppDelegate.m; sourceTree = "<group>"; };
		4D05DAFE194A70C7001F19A7 /* Base */ = {isa = PBXFileReference; lastKnownFileType = file.storyboard; name = Base; path = Base.lproj/Main.storyboard; sourceTree = "<group>"; };
		4D05DB00194A70C7001F19A7 /* ViewController.h */ = {isa = PBXFileReference; lastKnownFileType = sourcecode.c.h; path = ViewController.h; sourceTree = "<group>"; };
		4D05DB01194A70C7001F19A7 /* ViewController.m */ = {isa = PBXFileReference; lastKnownFileType = sourcecode.c.objc; path = ViewController.m; sourceTree = "<group>"; };
		4D05DB03194A70C7001F19A7 /* Images.xcassets */ = {isa = PBXFileReference; lastKnownFileType = folder.assetcatalog; path = Images.xcassets; sourceTree = "<group>"; };
		4D05DB09194A70C7001F19A7 /* GardenSketchTests.xctest */ = {isa = PBXFileReference; explicitFileType = wrapper.cfbundle; includeInIndex = 0; path = GardenSketchTests.xctest; sourceTree = BUILT_PRODUCTS_DIR; };
		4D05DB0A194A70C7001F19A7 /* XCTest.framework */ = {isa = PBXFileReference; lastKnownFileType = wrapper.framework; name = XCTest.framework; path = Library/Frameworks/XCTest.framework; sourceTree = DEVELOPER_DIR; };
		4D05DB12194A70C7001F19A7 /* GardenSketchTests-Info.plist */ = {isa = PBXFileReference; lastKnownFileType = text.plist.xml; path = "GardenSketchTests-Info.plist"; sourceTree = "<group>"; };
		4D05DB14194A70C7001F19A7 /* en */ = {isa = PBXFileReference; lastKnownFileType = text.plist.strings; name = en; path = en.lproj/InfoPlist.strings; sourceTree = "<group>"; };
		4D05DB16194A70C7001F19A7 /* GardenSketchTests.m */ = {isa = PBXFileReference; lastKnownFileType = sourcecode.c.objc; path = GardenSketchTests.m; sourceTree = "<group>"; };
/* End PBXFileReference section */

/* Begin PBXFrameworksBuildPhase section */
		4D05DAE5194A70C7001F19A7 /* Frameworks */ = {
			isa = PBXFrameworksBuildPhase;
			buildActionMask = 2147483647;
			files = (
				4D05DAEE194A70C7001F19A7 /* CoreGraphics.framework in Frameworks */,
				4D05DAF0194A70C7001F19A7 /* UIKit.framework in Frameworks */,
				4D05DAEC194A70C7001F19A7 /* Foundation.framework in Frameworks */,
			);
			runOnlyForDeploymentPostprocessing = 0;
		};
		4D05DB06194A70C7001F19A7 /* Frameworks */ = {
			isa = PBXFrameworksBuildPhase;
			buildActionMask = 2147483647;
			files = (
				4D05DB0B194A70C7001F19A7 /* XCTest.framework in Frameworks */,
				4D05DB0D194A70C7001F19A7 /* UIKit.framework in Frameworks */,
				4D05DB0C194A70C7001F19A7 /* Foundation.framework in Frameworks */,
			);
			runOnlyForDeploymentPostprocessing = 0;
		};
/* End PBXFrameworksBuildPhase section */

/* Begin PBXGroup section */
		4D05DADF194A70C7001F19A7 = {
			isa = PBXGroup;
			children = (
				4D05DAF1194A70C7001F19A7 /* GardenSketch */,
				4D05DB10194A70C7001F19A7 /* GardenSketchTests */,
				4D05DAEA194A70C7001F19A7 /* Frameworks */,
				4D05DAE9194A70C7001F19A7 /* Products */,
			);
			sourceTree = "<group>";
		};
		4D05DAE9194A70C7001F19A7 /* Products */ = {
			isa = PBXGroup;
			children = (
				4D05DAE8194A70C7001F19A7 /* GardenSketch.app */,
				4D05DB09194A70C7001F19A7 /* GardenSketchTests.xctest */,
			);
			name = Products;
			sourceTree = "<group>";
		};
		4D05DAEA194A70C7001F19A7 /* Frameworks */ = {
			isa = PBXGroup;
			children = (
				4D05DAEB194A70C7001F19A7 /* Foundation.framework */,
				4D05DAED194A70C7001F19A7 /* CoreGraphics.framework */,
				4D05DAEF194A70C7001F19A7 /* UIKit.framework */,
				4D05DB0A194A70C7001F19A7 /* XCTest.framework */,
			);
			name = Frameworks;
			sourceTree = "<group>";
		};
		4D05DAF1194A70C7001F19A7 /* GardenSketch */ = {
			isa = PBXGroup;
			children = (
				4D05DAFA194A70C7001F19A7 /* AppDelegate.h */,
				4D05DAFB194A70C7001F19A7 /* AppDelegate.m */,
				4D05DAFD194A70C7001F19A7 /* Main.storyboard */,
				4D05DB00194A70C7001F19A7 /* ViewController.h */,
				4D05DB01194A70C7001F19A7 /* ViewController.m */,
				4D05DB03194A70C7001F19A7 /* Images.xcassets */,
				4D05DAF2194A70C7001F19A7 /* Supporting Files */,
			);
			path = GardenSketch;
			sourceTree = "<group>";
		};
		4D05DAF2194A70C7001F19A7 /* Supporting Files */ = {
			isa = PBXGroup;
			children = (
				4D05DAF3194A70C7001F19A7 /* GardenSketch-Info.plist */,
				4D05DAF4194A70C7001F19A7 /* InfoPlist.strings */,
				4D05DAF7194A70C7001F19A7 /* main.m */,
				4D05DAF9194A70C7001F19A7 /* GardenSketch-Prefix.pch */,
			);
			name = "Supporting Files";
			sourceTree = "<group>";
		};
		4D05DB10194A70C7001F19A7 /* GardenSketchTests */ = {
			isa = PBXGroup;
			children = (
				4D05DB16194A70C7001F19A7 /* GardenSketchTests.m */,
				4D05DB11194A70C7001F19A7 /* Supporting Files */,
			);
			path = GardenSketchTests;
			sourceTree = "<group>";
		};
		4D05DB11194A70C7001F19A7 /* Supporting Files */ = {
			isa = PBXGroup;
			children = (
				4D05DB12194A70C7001F19A7 /* GardenSketchTests-Info.plist */,
				4D05DB13194A70C7001F19A7 /* InfoPlist.strings */,
			);
			name = "Supporting Files";
			sourceTree = "<group>";
		};
/* End PBXGroup section */

/* Begin PBXNativeTarget section */
		4D05DAE7194A70C7001F19A7 /* GardenSketch */ = {
			isa = PBXNativeTarget;
			buildConfigurationList = 4D05DB1A194A70C7001F19A7 /* Build configuration list for PBXNativeTarget "GardenSketch" */;
			buildPhases = (
				4D05DAE4194A70C7001F19A7 /* Sources */,
				4D05DAE5194A70C7001F19A7 /* Frameworks */,
				4D05DAE6194A70C7001F19A7 /* Resources */,
			);
			buildRules = (
			);
			dependencies = (
			);
			name = GardenSketch;
			productName = GardenSketch;
			productReference = 4D05DAE8194A70C7001F19A7 /* GardenSketch.app */;
			productType = "com.apple.product-type.application";
		};
		4D05DB08194A70C7001F19A7 /* GardenSketchTests */ = {
			isa = PBXNativeTarget;
			buildConfigurationList = 4D05DB1D194A70C7001F19A7 /* Build configuration list for PBXNativeTarget "GardenSketchTests" */;
			buildPhases = (
				4D05DB05194A70C7001F19A7 /* Sources */,
				4D05DB06194A70C7001F19A7 /* Frameworks */,
				4D05DB07194A70C7001F19A7 /* Resources */,
			);
			buildRules = (
			);
			dependencies = (
				4D05DB0F194A70C7001F19A7 /* PBXTargetDependency */,
			);
			name = GardenSketchTests;
			productName = GardenSketchTests;
			productReference = 4D05DB09194A70C7001F19A7 /* GardenSketchTests.xctest */;
			productType = "com.apple.product-type.bundle.unit-test";
		};
/* End PBXNativeTarget section */

/* Begin PBXProject section */
		4D05DAE0194A70C7001F19A7 /* Project object */ = {
			isa = PBXProject;
			attributes = {
				LastUpgradeCheck = 0510;
				ORGANIZATIONNAME = "Denim & Steel";
				TargetAttributes = {
					4D05DB08194A70C7001F19A7 = {
						TestTargetID = 4D05DAE7194A70C7001F19A7;
					};
				};
			};
			buildConfigurationList = 4D05DAE3194A70C7001F19A7 /* Build configuration list for PBXProject "GardenSketch" */;
			compatibilityVersion = "Xcode 3.2";
			developmentRegion = English;
			hasScannedForEncodings = 0;
			knownRegions = (
				en,
				Base,
			);
			mainGroup = 4D05DADF194A70C7001F19A7;
			productRefGroup = 4D05DAE9194A70C7001F19A7 /* Products */;
			projectDirPath = "";
			projectRoot = "";
			targets = (
				4D05DAE7194A70C7001F19A7 /* GardenSketch */,
				4D05DB08194A70C7001F19A7 /* GardenSketchTests */,
			);
		};
/* End PBXProject section */

/* Begin PBXResourcesBuildPhase section */
		4D05DAE6194A70C7001F19A7 /* Resources */ = {
			isa = PBXResourcesBuildPhase;
			buildActionMask = 2147483647;
			files = (
				4D05DB04194A70C7001F19A7 /* Images.xcassets in Resources */,
				4D05DAF6194A70C7001F19A7 /* InfoPlist.strings in Resources */,
				4D05DAFF194A70C7001F19A7 /* Main.storyboard in Resources */,
			);
			runOnlyForDeploymentPostprocessing = 0;
		};
		4D05DB07194A70C7001F19A7 /* Resources */ = {
			isa = PBXResourcesBuildPhase;
			buildActionMask = 2147483647;
			files = (
				4D05DB15194A70C7001F19A7 /* InfoPlist.strings in Resources */,
			);
			runOnlyForDeploymentPostprocessing = 0;
		};
/* End PBXResourcesBuildPhase section */

/* Begin PBXSourcesBuildPhase section */
		4D05DAE4194A70C7001F19A7 /* Sources */ = {
			isa = PBXSourcesBuildPhase;
			buildActionMask = 2147483647;
			files = (
				4D05DB02194A70C7001F19A7 /* ViewController.m in Sources */,
				4D05DAFC194A70C7001F19A7 /* AppDelegate.m in Sources */,
				4D05DAF8194A70C7001F19A7 /* main.m in Sources */,
			);
			runOnlyForDeploymentPostprocessing = 0;
		};
		4D05DB05194A70C7001F19A7 /* Sources */ = {
			isa = PBXSourcesBuildPhase;
			buildActionMask = 2147483647;
			files = (
				4D05DB17194A70C7001F19A7 /* GardenSketchTests.m in Sources */,
			);
			runOnlyForDeploymentPostprocessing = 0;
		};
/* End PBXSourcesBuildPhase section */

/* Begin PBXTargetDependency section */
		4D05DB0F194A70C7001F19A7 /* PBXTargetDependency */ = {
			isa = PBXTargetDependency;
			target = 4D05DAE7194A70C7001F19A7 /* GardenSketch */;
			targetProxy = 4D05DB0E194A70C7001F19A7 /* PBXContainerItemProxy */;
		};
/* End PBXTargetDependency section */

/* Begin PBXVariantGroup section */
		4D05DAF4194A70C7001F19A7 /* InfoPlist.strings */ = {
			isa = PBXVariantGroup;
			children = (
				4D05DAF5194A70C7001F19A7 /* en */,
			);
			name = InfoPlist.strings;
			sourceTree = "<group>";
		};
		4D05DAFD194A70C7001F19A7 /* Main.storyboard */ = {
			isa = PBXVariantGroup;
			children = (
				4D05DAFE194A70C7001F19A7 /* Base */,
			);
			name = Main.storyboard;
			sourceTree = "<group>";
		};
		4D05DB13194A70C7001F19A7 /* InfoPlist.strings */ = {
			isa = PBXVariantGroup;
			children = (
				4D05DB14194A70C7001F19A7 /* en */,
			);
			name = InfoPlist.strings;
			sourceTree = "<group>";
		};
/* End PBXVariantGroup section */

/* Begin XCBuildConfiguration section */
		4D05DB18194A70C7001F19A7 /* Debug */ = {
			isa = XCBuildConfiguration;
			buildSettings = {
				ALWAYS_SEARCH_USER_PATHS = NO;
				CLANG_CXX_LANGUAGE_STANDARD = "gnu++0x";
				CLANG_CXX_LIBRARY = "libc++";
				CLANG_ENABLE_MODULES = YES;
				CLANG_ENABLE_OBJC_ARC = YES;
				CLANG_WARN_BOOL_CONVERSION = YES;
				CLANG_WARN_CONSTANT_CONVERSION = YES;
				CLANG_WARN_DIRECT_OBJC_ISA_USAGE = YES_ERROR;
				CLANG_WARN_EMPTY_BODY = YES;
				CLANG_WARN_ENUM_CONVERSION = YES;
				CLANG_WARN_INT_CONVERSION = YES;
				CLANG_WARN_OBJC_ROOT_CLASS = YES_ERROR;
				CLANG_WARN__DUPLICATE_METHOD_MATCH = YES;
				"CODE_SIGN_IDENTITY[sdk=iphoneos*]" = "iPhone Developer";
				COPY_PHASE_STRIP = NO;
				GCC_C_LANGUAGE_STANDARD = gnu99;
				GCC_DYNAMIC_NO_PIC = NO;
				GCC_OPTIMIZATION_LEVEL = 0;
				GCC_PREPROCESSOR_DEFINITIONS = (
					"DEBUG=1",
					"$(inherited)",
				);
				GCC_SYMBOLS_PRIVATE_EXTERN = NO;
				GCC_WARN_64_TO_32_BIT_CONVERSION = YES;
				GCC_WARN_ABOUT_RETURN_TYPE = YES_ERROR;
				GCC_WARN_UNDECLARED_SELECTOR = YES;
				GCC_WARN_UNINITIALIZED_AUTOS = YES_AGGRESSIVE;
				GCC_WARN_UNUSED_FUNCTION = YES;
				GCC_WARN_UNUSED_VARIABLE = YES;
				IPHONEOS_DEPLOYMENT_TARGET = 7.1;
				ONLY_ACTIVE_ARCH = YES;
				SDKROOT = iphoneos;
				TARGETED_DEVICE_FAMILY = 2;
			};
			name = Debug;
		};
		4D05DB19194A70C7001F19A7 /* Release */ = {
			isa = XCBuildConfiguration;
			buildSettings = {
				ALWAYS_SEARCH_USER_PATHS = NO;
				CLANG_CXX_LANGUAGE_STANDARD = "gnu++0x";
				CLANG_CXX_LIBRARY = "libc++";
				CLANG_ENABLE_MODULES = YES;
				CLANG_ENABLE_OBJC_ARC = YES;
				CLANG_WARN_BOOL_CONVERSION = YES;
				CLANG_WARN_CONSTANT_CONVERSION = YES;
				CLANG_WARN_DIRECT_OBJC_ISA_USAGE = YES_ERROR;
				CLANG_WARN_EMPTY_BODY = YES;
				CLANG_WARN_ENUM_CONVERSION = YES;
				CLANG_WARN_INT_CONVERSION = YES;
				CLANG_WARN_OBJC_ROOT_CLASS = YES_ERROR;
				CLANG_WARN__DUPLICATE_METHOD_MATCH = YES;
				"CODE_SIGN_IDENTITY[sdk=iphoneos*]" = "iPhone Developer";
				COPY_PHASE_STRIP = YES;
				ENABLE_NS_ASSERTIONS = NO;
				GCC_C_LANGUAGE_STANDARD = gnu99;
				GCC_WARN_64_TO_32_BIT_CONVERSION = YES;
				GCC_WARN_ABOUT_RETURN_TYPE = YES_ERROR;
				GCC_WARN_UNDECLARED_SELECTOR = YES;
				GCC_WARN_UNINITIALIZED_AUTOS = YES_AGGRESSIVE;
				GCC_WARN_UNUSED_FUNCTION = YES;
				GCC_WARN_UNUSED_VARIABLE = YES;
				IPHONEOS_DEPLOYMENT_TARGET = 7.1;
				SDKROOT = iphoneos;
				TARGETED_DEVICE_FAMILY = 2;
				VALIDATE_PRODUCT = YES;
			};
			name = Release;
		};
		4D05DB1B194A70C7001F19A7 /* Debug */ = {
			isa = XCBuildConfiguration;
			buildSettings = {
				ASSETCATALOG_COMPILER_APPICON_NAME = AppIcon;
				ASSETCATALOG_COMPILER_LAUNCHIMAGE_NAME = LaunchImage;
				GCC_PRECOMPILE_PREFIX_HEADER = YES;
				GCC_PREFIX_HEADER = "GardenSketch/GardenSketch-Prefix.pch";
				INFOPLIST_FILE = "GardenSketch/GardenSketch-Info.plist";
				PRODUCT_NAME = "$(TARGET_NAME)";
				WRAPPER_EXTENSION = app;
			};
			name = Debug;
		};
		4D05DB1C194A70C7001F19A7 /* Release */ = {
			isa = XCBuildConfiguration;
			buildSettings = {
				ASSETCATALOG_COMPILER_APPICON_NAME = AppIcon;
				ASSETCATALOG_COMPILER_LAUNCHIMAGE_NAME = LaunchImage;
				GCC_PRECOMPILE_PREFIX_HEADER = YES;
				GCC_PREFIX_HEADER = "GardenSketch/GardenSketch-Prefix.pch";
				INFOPLIST_FILE = "GardenSketch/GardenSketch-Info.plist";
				PRODUCT_NAME = "$(TARGET_NAME)";
				WRAPPER_EXTENSION = app;
			};
			name = Release;
		};
		4D05DB1E194A70C7001F19A7 /* Debug */ = {
			isa = XCBuildConfiguration;
			buildSettings = {
				BUNDLE_LOADER = "$(BUILT_PRODUCTS_DIR)/GardenSketch.app/GardenSketch";
				FRAMEWORK_SEARCH_PATHS = (
					"$(SDKROOT)/Developer/Library/Frameworks",
					"$(inherited)",
					"$(DEVELOPER_FRAMEWORKS_DIR)",
				);
				GCC_PRECOMPILE_PREFIX_HEADER = YES;
				GCC_PREFIX_HEADER = "GardenSketch/GardenSketch-Prefix.pch";
				GCC_PREPROCESSOR_DEFINITIONS = (
					"DEBUG=1",
					"$(inherited)",
				);
				INFOPLIST_FILE = "GardenSketchTests/GardenSketchTests-Info.plist";
				PRODUCT_NAME = "$(TARGET_NAME)";
				TEST_HOST = "$(BUNDLE_LOADER)";
				WRAPPER_EXTENSION = xctest;
			};
			name = Debug;
		};
		4D05DB1F194A70C7001F19A7 /* Release */ = {
			isa = XCBuildConfiguration;
			buildSettings = {
				BUNDLE_LOADER = "$(BUILT_PRODUCTS_DIR)/GardenSketch.app/GardenSketch";
				FRAMEWORK_SEARCH_PATHS = (
					"$(SDKROOT)/Developer/Library/Frameworks",
					"$(inherited)",
					"$(DEVELOPER_FRAMEWORKS_DIR)",
				);
				GCC_PRECOMPILE_PREFIX_HEADER = YES;
				GCC_PREFIX_HEADER = "GardenSketch/GardenSketch-Prefix.pch";
				INFOPLIST_FILE = "GardenSketchTests/GardenSketchTests-Info.plist";
				PRODUCT_NAME = "$(TARGET_NAME)";
				TEST_HOST = "$(BUNDLE_LOADER)";
				WRAPPER_EXTENSION = xctest;
			};
			name = Release;
		};
/* End XCBuildConfiguration section */

/* Begin XCConfigurationList section */
		4D05DAE3194A70C7001F19A7 /* Build configuration list for PBXProject "GardenSketch" */ = {
			isa = XCConfigurationList;
			buildConfigurations = (
				4D05DB18194A70C7001F19A7 /* Debug */,
				4D05DB19194A70C7001F19A7 /* Release */,
			);
			defaultConfigurationIsVisible = 0;
			defaultConfigurationName = Release;
		};
		4D05DB1A194A70C7001F19A7 /* Build configuration list for PBXNativeTarget "GardenSketch" */ = {
			isa = XCConfigurationList;
			buildConfigurations = (
				4D05DB1B194A70C7001F19A7 /* Debug */,
				4D05DB1C194A70C7001F19A7 /* Release */,
			);
			defaultConfigurationIsVisible = 0;
		};
		4D05DB1D194A70C7001F19A7 /* Build configuration list for PBXNativeTarget "GardenSketchTests" */ = {
			isa = XCConfigurationList;
			buildConfigurations = (
				4D05DB1E194A70C7001F19A7 /* Debug */,
				4D05DB1F194A70C7001F19A7 /* Release */,
			);
			defaultConfigurationIsVisible = 0;
		};
/* End XCConfigurationList section */
	};
	rootObject = 4D05DAE0194A70C7001F19A7 /* Project object */;
}
